
Microsoft Visual Studio Solution File, Format Version 12.00
# Visual Studio Version 17
VisualStudioVersion = 17.10.35013.160
MinimumVisualStudioVersion = 10.0.40219.1
Project("{FAE04EC0-301F-11D3-BF4B-00C04F79EFBC}") = "ProxySharedFolder", "ProxySharedFolder\ProxySharedFolder.csproj", "{312F30A8-F007-4C35-BECF-3E0AF685E9BF}"
EndProject
Global
	GlobalSection(SolutionConfigurationPlatforms) = preSolution
		Debug|Any CPU = Debug|Any CPU
		Release|Any CPU = Release|Any CPU
	EndGlobalSection
	GlobalSection(ProjectConfigurationPlatforms) = postSolution
		{312F30A8-F007-4C35-BECF-3E0AF685E9BF}.Debug|Any CPU.ActiveCfg = Debug|Any CPU
		{312F30A8-F007-4C35-BECF-3E0AF685E9BF}.Debug|Any CPU.Build.0 = Debug|Any CPU
		{312F30A8-F007-4C35-BECF-3E0AF685E9BF}.Release|Any CPU.ActiveCfg = Release|Any CPU
		{312F30A8-F007-4C35-BECF-3E0AF685E9BF}.Release|Any CPU.Build.0 = Release|Any CPU
	EndGlobalSection
	GlobalSection(SolutionProperties) = preSolution
		HideSolutionNode = FALSE
	EndGlobalSection
	GlobalSection(ExtensibilityGlobals) = postSolution
		SolutionGuid = {C367A86C-21E7-4B30-BBDB-A08ABE22CD57}
	EndGlobalSection
EndGlobal
